
Microsoft Visual Studio Solution File, Format Version 12.00
# Visual Studio 15
VisualStudioVersion = 15.0.28307.705
MinimumVisualStudioVersion = 10.0.40219.1
Project("{FAE04EC0-301F-11D3-BF4B-00C04F79EFBC}") = "impostemalı2", "impostemalı2.csproj", "{6E6B2890-B456-4B2F-AFCB-F6D6A6E7636C}"
EndProject
Global
	GlobalSection(SolutionConfigurationPlatforms) = preSolution
		Debug|Any CPU = Debug|Any CPU
		Release|Any CPU = Release|Any CPU
	EndGlobalSection
	GlobalSection(ProjectConfigurationPlatforms) = postSolution
		{6E6B2890-B456-4B2F-AFCB-F6D6A6E7636C}.Debug|Any CPU.ActiveCfg = Debug|Any CPU
		{6E6B2890-B456-4B2F-AFCB-F6D6A6E7636C}.Debug|Any CPU.Build.0 = Debug|Any CPU
		{6E6B2890-B456-4B2F-AFCB-F6D6A6E7636C}.Release|Any CPU.ActiveCfg = Release|Any CPU
		{6E6B2890-B456-4B2F-AFCB-F6D6A6E7636C}.Release|Any CPU.Build.0 = Release|Any CPU
	EndGlobalSection
	GlobalSection(SolutionProperties) = preSolution
		HideSolutionNode = FALSE
	EndGlobalSection
	GlobalSection(ExtensibilityGlobals) = postSolution
		SolutionGuid = {C76E8D69-417B-4953-A229-E9F8A874C40C}
	EndGlobalSection
EndGlobal
